dependencies:
- name: gitlab
  repository: https://charts.gitlab.io
  version: 9.11.6
- name: traefik
  repository: https://traefik.github.io/charts
  version: 32.1.1
- name: valkey
  repository: ""
  version: 0.9.4
- name: seaweedfs
  repository: https://seaweedfs.github.io/seaweedfs/helm
  version: 4.34.0
- name: seaweedfs
  repository: https://seaweedfs.github.io/seaweedfs/helm
  version: 4.34.0
digest: sha256:d7f3d3b3362736e7fb290d96c60a3ec399d98dc22da2a2ffd64dd631251d4bb0
generated: "2026-06-19T23:33:46.001569922-04:00"
