dependencies:
- name: gitlab
  repository: https://charts.gitlab.io
  version: 9.11.6
- name: traefik
  repository: https://traefik.github.io/charts
  version: 32.1.1
- name: valkey
  repository: https://valkey.io/valkey-helm
  version: 0.10.0
- name: seaweedfs
  repository: https://seaweedfs.github.io/seaweedfs/helm
  version: 4.35.0
- name: seaweedfs
  repository: https://seaweedfs.github.io/seaweedfs/helm
  version: 4.35.0
digest: sha256:fd0510d22cbdf0753d398857f9ec6786b6bc06bdc467efed9a18a73cd7301cb1
generated: "2026-06-24T10:10:58.749584012-04:00"
