dependencies:
- name: gitlab
  repository: https://charts.gitlab.io
  version: 10.1.1
- name: traefik
  repository: https://traefik.github.io/charts
  version: 32.1.1
- name: valkey
  repository: https://valkey.io/valkey-helm
  version: 0.10.0
- name: seaweedfs
  repository: https://seaweedfs.github.io/seaweedfs/helm
  version: 4.35.0
- name: seaweedfs
  repository: https://seaweedfs.github.io/seaweedfs/helm
  version: 4.35.0
digest: sha256:2a970c9d44eb59d65c0fc3daa73ad50ed9bfba51d2f74db4ba9664394a458451
generated: "2026-06-24T10:37:56.74876436-04:00"
